{
  "name": "playwright_node_example_1",
  "version": "1.0.0",
  "lockfileVersion": 2,
  "requires": true,
  "packages": {
    "": {
      "name": "playwright_node_example_1",
      "version": "1.0.0",
      "license": "ISC",
      "dependencies": {
        "playwright": "^1.24.0",
        "playwright-chromium": "^1.29.2"
      },
      "devDependencies": {
        "@playwright/test": "^1.29.2"
      }
    },
    "node_modules/@playwright/test": {
      "version": "1.29.2",
      "resolved": "https://registry.npmjs.org/@playwright/test/-/test-1.29.2.tgz",
      "integrity": "sha512-+3/GPwOgcoF0xLz/opTnahel1/y42PdcgZ4hs+BZGIUjtmEFSXGg+nFoaH3NSmuc7a6GSFwXDJ5L7VXpqzigNg==",
      "dev": true,
      "dependencies": {
        "@types/node": "*",
        "playwright-core": "1.29.2"
      },
      "bin": {
        "playwright": "cli.js"
      },
      "engines": {
        "node": ">=14"
      }
    },
    "node_modules/@types/node": {
      "version": "18.11.18",
      "resolved": "https://registry.npmjs.org/@types/node/-/node-18.11.18.tgz",
      "integrity": "sha512-DHQpWGjyQKSHj3ebjFI/wRKcqQcdR+MoFBygntYOZytCqNfkd2ZC4ARDJ2DQqhjH5p85Nnd3jhUJIXrszFX/JA==",
      "dev": true
    },
    "node_modules/playwright": {
      "version": "1.29.2",
      "resolved": "https://registry.npmjs.org/playwright/-/playwright-1.29.2.tgz",
      "integrity": "sha512-hKBYJUtdmYzcjdhYDkP9WGtORwwZBBKAW8+Lz7sr0ZMxtJr04ASXVzH5eBWtDkdb0c3LLFsehfPBTRfvlfKJOA==",
      "hasInstallScript": true,
      "dependencies": {
        "playwright-core": "1.29.2"
      },
      "bin": {
        "playwright": "cli.js"
      },
      "engines": {
        "node": ">=14"
      }
    },
    "node_modules/playwright-chromium": {
      "version": "1.29.2",
      "resolved": "https://registry.npmjs.org/playwright-chromium/-/playwright-chromium-1.29.2.tgz",
      "integrity": "sha512-iylIZpI8pD2ukBY5fQhluCx530bi2w4oUUM0PAfsxBnAYKntdj4bkTlcHuvS23EvabUS++YYi6KCI5uC517nxQ==",
      "hasInstallScript": true,
      "dependencies": {
        "playwright-core": "1.29.2"
      },
      "bin": {
        "playwright": "cli.js"
      },
      "engines": {
        "node": ">=14"
      }
    },
    "node_modules/playwright-core": {
      "version": "1.29.2",
      "resolved": "https://registry.npmjs.org/playwright-core/-/playwright-core-1.29.2.tgz",
      "integrity": "sha512-94QXm4PMgFoHAhlCuoWyaBYKb92yOcGVHdQLoxQ7Wjlc7Flg4aC/jbFW7xMR52OfXMVkWicue4WXE7QEegbIRA==",
      "bin": {
        "playwright": "cli.js"
      },
      "engines": {
        "node": ">=14"
      }
    }
  },
  "dependencies": {
    "@playwright/test": {
      "version": "1.29.2",
      "resolved": "https://registry.npmjs.org/@playwright/test/-/test-1.29.2.tgz",
      "integrity": "sha512-+3/GPwOgcoF0xLz/opTnahel1/y42PdcgZ4hs+BZGIUjtmEFSXGg+nFoaH3NSmuc7a6GSFwXDJ5L7VXpqzigNg==",
      "dev": true,
      "requires": {
        "@types/node": "*",
        "playwright-core": "1.29.2"
      }
    },
    "@types/node": {
      "version": "18.11.18",
      "resolved": "https://registry.npmjs.org/@types/node/-/node-18.11.18.tgz",
      "integrity": "sha512-DHQpWGjyQKSHj3ebjFI/wRKcqQcdR+MoFBygntYOZytCqNfkd2ZC4ARDJ2DQqhjH5p85Nnd3jhUJIXrszFX/JA==",
      "dev": true
    },
    "playwright": {
      "version": "1.29.2",
      "resolved": "https://registry.npmjs.org/playwright/-/playwright-1.29.2.tgz",
      "integrity": "sha512-hKBYJUtdmYzcjdhYDkP9WGtORwwZBBKAW8+Lz7sr0ZMxtJr04ASXVzH5eBWtDkdb0c3LLFsehfPBTRfvlfKJOA==",
      "requires": {
        "playwright-core": "1.29.2"
      }
    },
    "playwright-chromium": {
      "version": "1.29.2",
      "resolved": "https://registry.npmjs.org/playwright-chromium/-/playwright-chromium-1.29.2.tgz",
      "integrity": "sha512-iylIZpI8pD2ukBY5fQhluCx530bi2w4oUUM0PAfsxBnAYKntdj4bkTlcHuvS23EvabUS++YYi6KCI5uC517nxQ==",
      "requires": {
        "playwright-core": "1.29.2"
      }
    },
    "playwright-core": {
      "version": "1.29.2",
      "resolved": "https://registry.npmjs.org/playwright-core/-/playwright-core-1.29.2.tgz",
      "integrity": "sha512-94QXm4PMgFoHAhlCuoWyaBYKb92yOcGVHdQLoxQ7Wjlc7Flg4aC/jbFW7xMR52OfXMVkWicue4WXE7QEegbIRA=="
    }
  }
}
